# This file is automatically @generated by Poetry and should not be changed by hand.

[[package]]
name = "serverless-scheduler-html-checker-api"
version = "0.1.0"
description = "HTMLMonitorJob consumer for serverless-scheduler project. It consumes the 'html_monitor_job' events and check if the last call's obtained HTML is different than the current one."
category = "main"
optional = false
python-versions = "^3.9"
files = []
develop = true

[package.source]
type = "directory"
url = "../plugins/serverless-scheduler-html-checker/serverless-scheduler-html-checker-api"

[[package]]
name = "serverless-scheduler-plugin-example-api"
version = "0.1.0"
description = "Reference implementation of a plugin API for serverless-scheduler"
category = "dev"
optional = false
python-versions = "^3.9"
files = []
develop = true

[package.source]
type = "directory"
url = "../serverless-scheduler-plugin-example-api"

[metadata]
lock-version = "2.0"
python-versions = "^3.9"
content-hash = "f280141551e80ca4085bb8aa77a42136b14357f61e5be5af082c4d9808bab7a1"
