# This file is automatically @generated by Poetry and should not be changed by hand.

[[package]]
name = "serverless-scheduler-html-checker"
version = "0.1.0"
description = "HTMLMonitorJob consumer for serverless-scheduler project. It consumes the 'html_monitor_job' events and check if the last call's obtained HTML is different than the current one."
category = "main"
optional = false
python-versions = "^3.9"
files = []
develop = true

[package.source]
type = "directory"
url = "../plugins/serverless-scheduler-html-checker"

[metadata]
lock-version = "2.0"
python-versions = "^3.9"
content-hash = "609907b53c38cad63ac77c80fcd4f5a6934fbe260476c46340fcda865dd41d03"
